
Microsoft Visual Studio Solution File, Format Version 12.00
# Visual Studio Version 17
VisualStudioVersion = 17.8.34408.163
MinimumVisualStudioVersion = 10.0.40219.1
Project("{FAE04EC0-301F-11D3-BF4B-00C04F79EFBC}") = "ATM-Project", "ATM-Project\ATM-Project.csproj", "{A3EFA17F-194B-4A38-B046-612065C85628}"
EndProject
Global
	GlobalSection(SolutionConfigurationPlatforms) = preSolution
		Debug|Any CPU = Debug|Any CPU
		Release|Any CPU = Release|Any CPU
	EndGlobalSection
	GlobalSection(ProjectConfigurationPlatforms) = postSolution
		{A3EFA17F-194B-4A38-B046-612065C85628}.Debug|Any CPU.ActiveCfg = Debug|Any CPU
		{A3EFA17F-194B-4A38-B046-612065C85628}.Debug|Any CPU.Build.0 = Debug|Any CPU
		{A3EFA17F-194B-4A38-B046-612065C85628}.Release|Any CPU.ActiveCfg = Release|Any CPU
		{A3EFA17F-194B-4A38-B046-612065C85628}.Release|Any CPU.Build.0 = Release|Any CPU
	EndGlobalSection
	GlobalSection(SolutionProperties) = preSolution
		HideSolutionNode = FALSE
	EndGlobalSection
	GlobalSection(ExtensibilityGlobals) = postSolution
		SolutionGuid = {C5597C61-2CF5-408E-AE82-CF6C1B4DF84D}
	EndGlobalSection
EndGlobal
